
Microsoft Visual Studio Solution File, Format Version 12.00
# Visual Studio Version 17
VisualStudioVersion = 17.12.35527.113 d17.12
MinimumVisualStudioVersion = 10.0.40219.1
Project("{FAE04EC0-301F-11D3-BF4B-00C04F79EFBC}") = "01_MainSubjects", "01_MainSubjects\01_MainSubjects.csproj", "{D3ED3FA5-EADB-4DB0-8646-C19FB9516DBF}"
EndProject
Project("{FAE04EC0-301F-11D3-BF4B-00C04F79EFBC}") = "02_Variables", "02_Variables\02_Variables.csproj", "{EC3703B7-194C-43D4-A482-94F258171DB1}"
EndProject
Global
	GlobalSection(SolutionConfigurationPlatforms) = preSolution
		Debug|Any CPU = Debug|Any CPU
		Release|Any CPU = Release|Any CPU
	EndGlobalSection
	GlobalSection(ProjectConfigurationPlatforms) = postSolution
		{D3ED3FA5-EADB-4DB0-8646-C19FB9516DBF}.Debug|Any CPU.ActiveCfg = Debug|Any CPU
		{D3ED3FA5-EADB-4DB0-8646-C19FB9516DBF}.Debug|Any CPU.Build.0 = Debug|Any CPU
		{D3ED3FA5-EADB-4DB0-8646-C19FB9516DBF}.Release|Any CPU.ActiveCfg = Release|Any CPU
		{D3ED3FA5-EADB-4DB0-8646-C19FB9516DBF}.Release|Any CPU.Build.0 = Release|Any CPU
		{EC3703B7-194C-43D4-A482-94F258171DB1}.Debug|Any CPU.ActiveCfg = Debug|Any CPU
		{EC3703B7-194C-43D4-A482-94F258171DB1}.Debug|Any CPU.Build.0 = Debug|Any CPU
		{EC3703B7-194C-43D4-A482-94F258171DB1}.Release|Any CPU.ActiveCfg = Release|Any CPU
		{EC3703B7-194C-43D4-A482-94F258171DB1}.Release|Any CPU.Build.0 = Release|Any CPU
	EndGlobalSection
	GlobalSection(SolutionProperties) = preSolution
		HideSolutionNode = FALSE
	EndGlobalSection
EndGlobal
